# @generated by Move, please check-in and do not edit manually.

[move]
version = 3
manifest_digest = "E69B5EC6A7ACB2043F7C1DA446E5D45C8810BE7FD517400BF3A38A579F49F9FA"
deps_digest = "8227D341C0550A37580C10FA45FE148A465225149C69D179737E0FE454AD6AEC"
dependencies = [
  { id = "BlobUtils", name = "BlobUtils" },
  { id = "Bridge", name = "Bridge" },
  { id = "CascadeProtocol", name = "CascadeProtocol" },
  { id = "DeepBook", name = "DeepBook" },
  { id = "DosCollection", name = "DosCollection" },
  { id = "DosStaticCollectible", name = "DosStaticCollectible" },
  { id = "MoveStdlib", name = "MoveStdlib" },
  { id = "Sui", name = "Sui" },
  { id = "SuiSystem", name = "SuiSystem" },
]

[[move.package]]
id = "BlobUtils"
source = { git = "https://github.com/studio-mirai/blob_utils.git", rev = "testnet", subdir = "" }

dependencies = [
  { id = "Bridge", name = "Bridge" },
  { id = "Codec", name = "Codec" },
  { id = "DeepBook", name = "DeepBook" },
  { id = "MoveStdlib", name = "MoveStdlib" },
  { id = "Sui", name = "Sui" },
  { id = "SuiSystem", name = "SuiSystem" },
]

[[move.package]]
id = "Bridge"
source = { git = "https://github.com/MystenLabs/sui.git", rev = "04f11afaf5e0", subdir = "crates/sui-framework/packages/bridge" }

dependencies = [
  { id = "MoveStdlib", name = "MoveStdlib" },
  { id = "Sui", name = "Sui" },
  { id = "SuiSystem", name = "SuiSystem" },
]

[[move.package]]
id = "CascadeProtocol"
source = { git = "https://github.com/cascadefoundation/cascade_protocol.git", rev = "testnet", subdir = "" }

dependencies = [
  { id = "Bridge", name = "Bridge" },
  { id = "DeepBook", name = "DeepBook" },
  { id = "MoveStdlib", name = "MoveStdlib" },
  { id = "Sui", name = "Sui" },
  { id = "SuiSystem", name = "SuiSystem" },
]

[[move.package]]
id = "Codec"
source = { git = "https://github.com/sui-potatoes/app.git", rev = "codec@testnet-v2", subdir = "packages/codec" }

dependencies = [
  { id = "Sui", name = "Sui" },
]

[[move.package]]
id = "DeepBook"
source = { git = "https://github.com/MystenLabs/sui.git", rev = "04f11afaf5e0", subdir = "crates/sui-framework/packages/deepbook" }

dependencies = [
  { id = "MoveStdlib", name = "MoveStdlib" },
  { id = "Sui", name = "Sui" },
]

[[move.package]]
id = "DosCollection"
source = { git = "https://github.com/CascadeFoundation/dos_collection.git", rev = "testnet", subdir = "" }

dependencies = [
  { id = "Bridge", name = "Bridge" },
  { id = "CascadeProtocol", name = "CascadeProtocol" },
  { id = "DeepBook", name = "DeepBook" },
  { id = "MoveStdlib", name = "MoveStdlib" },
  { id = "Sui", name = "Sui" },
  { id = "SuiSystem", name = "SuiSystem" },
  { id = "Walrus", name = "Walrus" },
]

[[move.package]]
id = "DosStaticCollectible"
source = { git = "https://github.com/CascadeFoundation/dos_static_collectible.git", rev = "testnet", subdir = "" }

dependencies = [
  { id = "Bridge", name = "Bridge" },
  { id = "CascadeProtocol", name = "CascadeProtocol" },
  { id = "DeepBook", name = "DeepBook" },
  { id = "MoveStdlib", name = "MoveStdlib" },
  { id = "Sui", name = "Sui" },
  { id = "SuiSystem", name = "SuiSystem" },
]

[[move.package]]
id = "MoveStdlib"
source = { git = "https://github.com/MystenLabs/sui.git", rev = "04f11afaf5e0", subdir = "crates/sui-framework/packages/move-stdlib" }

[[move.package]]
id = "Sui"
source = { git = "https://github.com/MystenLabs/sui.git", rev = "04f11afaf5e0", subdir = "crates/sui-framework/packages/sui-framework" }

dependencies = [
  { id = "MoveStdlib", name = "MoveStdlib" },
]

[[move.package]]
id = "SuiSystem"
source = { git = "https://github.com/MystenLabs/sui.git", rev = "04f11afaf5e0", subdir = "crates/sui-framework/packages/sui-system" }

dependencies = [
  { id = "MoveStdlib", name = "MoveStdlib" },
  { id = "Sui", name = "Sui" },
]

[[move.package]]
id = "WAL"
source = { git = "https://github.com/MystenLabs/walrus.git", rev = "main", subdir = "testnet-contracts/wal" }

dependencies = [
  { id = "Sui", name = "Sui" },
]

[[move.package]]
id = "Walrus"
source = { git = "https://github.com/MystenLabs/walrus.git", rev = "main", subdir = "testnet-contracts/walrus" }

dependencies = [
  { id = "Sui", name = "Sui" },
  { id = "WAL", name = "WAL" },
]

[move.toolchain-version]
compiler-version = "1.46.0"
edition = "2024.beta"
flavor = "sui"

[env]

[env.testnet]
chain-id = "4c78adac"
original-published-id = "0x5c3f8b8fd215ea26d02944588318427dc41daf7f05a4be0a2815617d4a3c2a78"
latest-published-id = "0x5c3f8b8fd215ea26d02944588318427dc41daf7f05a4be0a2815617d4a3c2a78"
published-version = "1"
