# @generated by Move, please check-in and do not edit manually.

[move]
version = 3
manifest_digest = "03F7B28BE90AAC26761480CE083F2FC057E2642D41FF942C559E79D6D469D1ED"
deps_digest = "CAFAD8A7CF51067FB4358215BECB86BD100DD64E57C2AC8A7AE7D74B688F5965"
dependencies = [
  { id = "BlobUtils", name = "BlobUtils" },
  { id = "Bridge", name = "Bridge" },
  { id = "DosCollection", name = "DosCollection" },
  { id = "DosStaticCollectible", name = "DosStaticCollectible" },
  { id = "MoveStdlib", name = "MoveStdlib" },
  { id = "Sui", name = "Sui" },
  { id = "SuiSystem", name = "SuiSystem" },
]

[[move.package]]
id = "BlobUtils"
source = { git = "https://github.com/studio-mirai/blob_utils.git", rev = "main", subdir = "" }

dependencies = [
  { id = "Bridge", name = "Bridge" },
  { id = "Codec", name = "Codec" },
  { id = "MoveStdlib", name = "MoveStdlib" },
  { id = "Sui", name = "Sui" },
  { id = "SuiSystem", name = "SuiSystem" },
]

[[move.package]]
id = "Bridge"
source = { git = "https://github.com/MystenLabs/sui.git", rev = "04f11afaf5e0", subdir = "crates/sui-framework/packages/bridge" }

dependencies = [
  { id = "MoveStdlib", name = "MoveStdlib" },
  { id = "Sui", name = "Sui" },
  { id = "SuiSystem", name = "SuiSystem" },
]

[[move.package]]
id = "Codec"
source = { git = "https://github.com/sui-potatoes/app.git", rev = "main", subdir = "packages/codec" }

dependencies = [
  { id = "Bridge", name = "Bridge" },
  { id = "MoveStdlib", name = "MoveStdlib" },
  { id = "Sui", name = "Sui" },
  { id = "SuiSystem", name = "SuiSystem" },
]

[[move.package]]
id = "DosCollection"
source = { git = "https://github.com/CascadeFoundation/dos_collection.git", rev = "main", subdir = "" }

dependencies = [
  { id = "Bridge", name = "Bridge" },
  { id = "MoveStdlib", name = "MoveStdlib" },
  { id = "Sui", name = "Sui" },
  { id = "SuiSystem", name = "SuiSystem" },
  { id = "Walrus", name = "Walrus" },
]

[[move.package]]
id = "DosStaticCollectible"
source = { git = "https://github.com/CascadeFoundation/dos_static_collectible.git", rev = "main", subdir = "" }

dependencies = [
  { id = "Bridge", name = "Bridge" },
  { id = "MoveStdlib", name = "MoveStdlib" },
  { id = "Sui", name = "Sui" },
  { id = "SuiSystem", name = "SuiSystem" },
]

[[move.package]]
id = "MoveStdlib"
source = { git = "https://github.com/MystenLabs/sui.git", rev = "04f11afaf5e0", subdir = "crates/sui-framework/packages/move-stdlib" }

[[move.package]]
id = "Sui"
source = { git = "https://github.com/MystenLabs/sui.git", rev = "04f11afaf5e0", subdir = "crates/sui-framework/packages/sui-framework" }

dependencies = [
  { id = "MoveStdlib", name = "MoveStdlib" },
]

[[move.package]]
id = "SuiSystem"
source = { git = "https://github.com/MystenLabs/sui.git", rev = "04f11afaf5e0", subdir = "crates/sui-framework/packages/sui-system" }

dependencies = [
  { id = "MoveStdlib", name = "MoveStdlib" },
  { id = "Sui", name = "Sui" },
]

[[move.package]]
id = "WAL"
source = { git = "https://github.com/MystenLabs/walrus.git", rev = "main", subdir = "contracts/wal" }

dependencies = [
  { id = "Sui", name = "Sui" },
]

[[move.package]]
id = "Walrus"
source = { git = "https://github.com/MystenLabs/walrus.git", rev = "main", subdir = "contracts/walrus" }

dependencies = [
  { id = "Sui", name = "Sui" },
  { id = "WAL", name = "WAL" },
]

[move.toolchain-version]
compiler-version = "1.46.1"
edition = "2024.beta"
flavor = "sui"

[env]

[env.testnet]
chain-id = "4c78adac"
original-published-id = "0x5151097254f8e0c6e0442510cbc3932c2552bceed60301303170a0a93c1293a0"
latest-published-id = "0x5151097254f8e0c6e0442510cbc3932c2552bceed60301303170a0a93c1293a0"
published-version = "1"
